// !$*UTF8*$!
{
	archiveVersion = 1;
	classes = {
	};
	objectVersion = 46;
	objects = {

/* Begin PBXBuildFile section */
		AE9B4BAC1DB7080200FD606A /* AppDelegate.swift in Sources */ = {isa = PBXBuildFile; fileRef = AE9B4BAB1DB7080200FD606A /* AppDelegate.swift */; };
		AE9B4BAE1DB7080200FD606A /* ViewController.swift in Sources */ = {isa = PBXBuildFile; fileRef = AE9B4BAD1DB7080200FD606A /* ViewController.swift */; };
		AE9B4BB11DB7080200FD606A /* Main.storyboard in Resources */ = {isa = PBXBuildFile; fileRef = AE9B4BAF1DB7080200FD606A /* Main.storyboard */; };
		AE9B4BB31DB7080200FD606A /* Assets.xcassets in Resources */ = {isa = PBXBuildFile; fileRef = AE9B4BB21DB7080200FD606A /* Assets.xcassets */; };
		AE9B4BB61DB7080200FD606A /* LaunchScreen.storyboard in Resources */ = {isa = PBXBuildFile; fileRef = AE9B4BB41DB7080200FD606A /* LaunchScreen.storyboard */; };
		AE9B4BC11DB7080200FD606A /* FoodTrackerTests.swift in Sources */ = {isa = PBXBuildFile; fileRef = AE9B4BC01DB7080200FD606A /* FoodTrackerTests.swift */; };
/* End PBXBuildFile section */

/* Begin PBXContainerItemProxy section */
		AE9B4BBD1DB7080200FD606A /* PBXContainerItemProxy */ = {
			isa = PBXContainerItemProxy;
			containerPortal = AE9B4BA01DB7080200FD606A /* Project object */;
			proxyType = 1;
			remoteGlobalIDString = AE9B4BA71DB7080200FD606A;
			remoteInfo = FoodTracker;
		};
/* End PBXContainerItemProxy section */

/* Begin PBXFileReference section */
		AE9B4BA81DB7080200FD606A /* FoodTracker.app */ = {isa = PBXFileReference; explicitFileType = wrapper.application; includeInIndex = 0; path = FoodTracker.app; sourceTree = BUILT_PRODUCTS_DIR; };
		AE9B4BAB1DB7080200FD606A /* AppDelegate.swift */ = {isa = PBXFileReference; lastKnownFileType = sourcecode.swift; path = AppDelegate.swift; sourceTree = "<group>"; };
		AE9B4BAD1DB7080200FD606A /* ViewController.swift */ = {isa = PBXFileReference; lastKnownFileType = sourcecode.swift; path = ViewController.swift; sourceTree = "<group>"; };
		AE9B4BB01DB7080200FD606A /* Base */ = {isa = PBXFileReference; lastKnownFileType = file.storyboard; name = Base; path = Base.lproj/Main.storyboard; sourceTree = "<group>"; };
		AE9B4BB21DB7080200FD606A /* Assets.xcassets */ = {isa = PBXFileReference; lastKnownFileType = folder.assetcatalog; path = Assets.xcassets; sourceTree = "<group>"; };
		AE9B4BB51DB7080200FD606A /* Base */ = {isa = PBXFileReference; lastKnownFileType = file.storyboard; name = Base; path = Base.lproj/LaunchScreen.storyboard; sourceTree = "<group>"; };
		AE9B4BB71DB7080200FD606A /* Info.plist */ = {isa = PBXFileReference; lastKnownFileType = text.plist.xml; path = Info.plist; sourceTree = "<group>"; };
		AE9B4BBC1DB7080200FD606A /* FoodTrackerTests.xctest */ = {isa = PBXFileReference; explicitFileType = wrapper.cfbundle; includeInIndex = 0; path = FoodTrackerTests.xctest; sourceTree = BUILT_PRODUCTS_DIR; };
		AE9B4BC01DB7080200FD606A /* FoodTrackerTests.swift */ = {isa = PBXFileReference; lastKnownFileType = sourcecode.swift; path = FoodTrackerTests.swift; sourceTree = "<group>"; };
		AE9B4BC21DB7080200FD606A /* Info.plist */ = {isa = PBXFileReference; lastKnownFileType = text.plist.xml; path = Info.plist; sourceTree = "<group>"; };
/* End PBXFileReference section */

/* Begin PBXFrameworksBuildPhase section */
		AE9B4BA51DB7080200FD606A /* Frameworks */ = {
			isa = PBXFrameworksBuildPhase;
			buildActionMask = 2147483647;
			files = (
			);
			runOnlyForDeploymentPostprocessing = 0;
		};
		AE9B4BB91DB7080200FD606A /* Frameworks */ = {
			isa = PBXFrameworksBuildPhase;
			buildActionMask = 2147483647;
			files = (
			);
			runOnlyForDeploymentPostprocessing = 0;
		};
/* End PBXFrameworksBuildPhase section */

/* Begin PBXGroup section */
		AE9B4B9F1DB7080200FD606A = {
			isa = PBXGroup;
			children = (
				AE9B4BAA1DB7080200FD606A /* FoodTracker */,
				AE9B4BBF1DB7080200FD606A /* FoodTrackerTests */,
				AE9B4BA91DB7080200FD606A /* Products */,
			);
			sourceTree = "<group>";
		};
		AE9B4BA91DB7080200FD606A /* Products */ = {
			isa = PBXGroup;
			children = (
				AE9B4BA81DB7080200FD606A /* FoodTracker.app */,
				AE9B4BBC1DB7080200FD606A /* FoodTrackerTests.xctest */,
			);
			name = Products;
			sourceTree = "<group>";
		};
		AE9B4BAA1DB7080200FD606A /* FoodTracker */ = {
			isa = PBXGroup;
			children = (
				AE9B4BAB1DB7080200FD606A /* AppDelegate.swift */,
				AE9B4BAD1DB7080200FD606A /* ViewController.swift */,
				AE9B4BAF1DB7080200FD606A /* Main.storyboard */,
				AE9B4BB21DB7080200FD606A /* Assets.xcassets */,
				AE9B4BB41DB7080200FD606A /* LaunchScreen.storyboard */,
				AE9B4BB71DB7080200FD606A /* Info.plist */,
			);
			path = FoodTracker;
			sourceTree = "<group>";
		};
		AE9B4BBF1DB7080200FD606A /* FoodTrackerTests */ = {
			isa = PBXGroup;
			children = (
				AE9B4BC01DB7080200FD606A /* FoodTrackerTests.swift */,
				AE9B4BC21DB7080200FD606A /* Info.plist */,
			);
			path = FoodTrackerTests;
			sourceTree = "<group>";
		};
/* End PBXGroup section */

/* Begin PBXNativeTarget section */
		AE9B4BA71DB7080200FD606A /* FoodTracker */ = {
			isa = PBXNativeTarget;
			buildConfigurationList = AE9B4BC51DB7080200FD606A /* Build configuration list for PBXNativeTarget "FoodTracker" */;
			buildPhases = (
				AE9B4BA41DB7080200FD606A /* Sources */,
				AE9B4BA51DB7080200FD606A /* Frameworks */,
				AE9B4BA61DB7080200FD606A /* Resources */,
			);
			buildRules = (
			);
			dependencies = (
			);
			name = FoodTracker;
			productName = FoodTracker;
			productReference = AE9B4BA81DB7080200FD606A /* FoodTracker.app */;
			productType = "com.apple.product-type.application";
		};
		AE9B4BBB1DB7080200FD606A /* FoodTrackerTests */ = {
			isa = PBXNativeTarget;
			buildConfigurationList = AE9B4BC81DB7080200FD606A /* Build configuration list for PBXNativeTarget "FoodTrackerTests" */;
			buildPhases = (
				AE9B4BB81DB7080200FD606A /* Sources */,
				AE9B4BB91DB7080200FD606A /* Frameworks */,
				AE9B4BBA1DB7080200FD606A /* Resources */,
			);
			buildRules = (
			);
			dependencies = (
				AE9B4BBE1DB7080200FD606A /* PBXTargetDependency */,
			);
			name = FoodTrackerTests;
			productName = FoodTrackerTests;
			productReference = AE9B4BBC1DB7080200FD606A /* FoodTrackerTests.xctest */;
			productType = "com.apple.product-type.bundle.unit-test";
		};
/* End PBXNativeTarget section */

/* Begin PBXProject section */
		AE9B4BA01DB7080200FD606A /* Project object */ = {
			isa = PBXProject;
			attributes = {
				LastSwiftUpdateCheck = 0730;
				LastUpgradeCheck = 0730;
				ORGANIZATIONNAME = manyit;
				TargetAttributes = {
					AE9B4BA71DB7080200FD606A = {
						CreatedOnToolsVersion = 7.3.1;
					};
					AE9B4BBB1DB7080200FD606A = {
						CreatedOnToolsVersion = 7.3.1;
						TestTargetID = AE9B4BA71DB7080200FD606A;
					};
				};
			};
			buildConfigurationList = AE9B4BA31DB7080200FD606A /* Build configuration list for PBXProject "FoodTracker" */;
			compatibilityVersion = "Xcode 3.2";
			developmentRegion = English;
			hasScannedForEncodings = 0;
			knownRegions = (
				en,
				Base,
			);
			mainGroup = AE9B4B9F1DB7080200FD606A;
			productRefGroup = AE9B4BA91DB7080200FD606A /* Products */;
			projectDirPath = "";
			projectRoot = "";
			targets = (
				AE9B4BA71DB7080200FD606A /* FoodTracker */,
				AE9B4BBB1DB7080200FD606A /* FoodTrackerTests */,
			);
		};
/* End PBXProject section */

/* Begin PBXResourcesBuildPhase section */
		AE9B4BA61DB7080200FD606A /* Resources */ = {
			isa = PBXResourcesBuildPhase;
			buildActionMask = 2147483647;
			files = (
				AE9B4BB61DB7080200FD606A /* LaunchScreen.storyboard in Resources */,
				AE9B4BB31DB7080200FD606A /* Assets.xcassets in Resources */,
				AE9B4BB11DB7080200FD606A /* Main.storyboard in Resources */,
			);
			runOnlyForDeploymentPostprocessing = 0;
		};
		AE9B4BBA1DB7080200FD606A /* Resources */ = {
			isa = PBXResourcesBuildPhase;
			buildActionMask = 2147483647;
			files = (
			);
			runOnlyForDeploymentPostprocessing = 0;
		};
/* End PBXResourcesBuildPhase section */

/* Begin PBXSourcesBuildPhase section */
		AE9B4BA41DB7080200FD606A /* Sources */ = {
			isa = PBXSourcesBuildPhase;
			buildActionMask = 2147483647;
			files = (
				AE9B4BAE1DB7080200FD606A /* ViewController.swift in Sources */,
				AE9B4BAC1DB7080200FD606A /* AppDelegate.swift in Sources */,
			);
			runOnlyForDeploymentPostprocessing = 0;
		};
		AE9B4BB81DB7080200FD606A /* Sources */ = {
			isa = PBXSourcesBuildPhase;
			buildActionMask = 2147483647;
			files = (
				AE9B4BC11DB7080200FD606A /* FoodTrackerTests.swift in Sources */,
			);
			runOnlyForDeploymentPostprocessing = 0;
		};
/* End PBXSourcesBuildPhase section */

/* Begin PBXTargetDependency section */
		AE9B4BBE1DB7080200FD606A /* PBXTargetDependency */ = {
			isa = PBXTargetDependency;
			target = AE9B4BA71DB7080200FD606A /* FoodTracker */;
			targetProxy = AE9B4BBD1DB7080200FD606A /* PBXContainerItemProxy */;
		};
/* End PBXTargetDependency section */

/* Begin PBXVariantGroup section */
		AE9B4BAF1DB7080200FD606A /* Main.storyboard */ = {
			isa = PBXVariantGroup;
			children = (
				AE9B4BB01DB7080200FD606A /* Base */,
			);
			name = Main.storyboard;
			sourceTree = "<group>";
		};
		AE9B4BB41DB7080200FD606A /* LaunchScreen.storyboard */ = {
			isa = PBXVariantGroup;
			children = (
				AE9B4BB51DB7080200FD606A /* Base */,
			);
			name = LaunchScreen.storyboard;
			sourceTree = "<group>";
		};
/* End PBXVariantGroup section */

/* Begin XCBuildConfiguration section */
		AE9B4BC31DB7080200FD606A /* Debug */ = {
			isa = XCBuildConfiguration;
			buildSettings = {
				ALWAYS_SEARCH_USER_PATHS = NO;
				CLANG_ANALYZER_NONNULL = YES;
				CLANG_CXX_LANGUAGE_STANDARD = "gnu++0x";
				CLANG_CXX_LIBRARY = "libc++";
				CLANG_ENABLE_MODULES = YES;
				CLANG_ENABLE_OBJC_ARC = YES;
				CLANG_WARN_BOOL_CONVERSION = YES;
				CLANG_WARN_CONSTANT_CONVERSION = YES;
				CLANG_WARN_DIRECT_OBJC_ISA_USAGE = YES_ERROR;
				CLANG_WARN_EMPTY_BODY = YES;
				CLANG_WARN_ENUM_CONVERSION = YES;
				CLANG_WARN_INT_CONVERSION = YES;
				CLANG_WARN_OBJC_ROOT_CLASS = YES_ERROR;
				CLANG_WARN_UNREACHABLE_CODE = YES;
				CLANG_WARN__DUPLICATE_METHOD_MATCH = YES;
				"CODE_SIGN_IDENTITY[sdk=iphoneos*]" = "iPhone Developer";
				COPY_PHASE_STRIP = NO;
				DEBUG_INFORMATION_FORMAT = dwarf;
				ENABLE_STRICT_OBJC_MSGSEND = YES;
				ENABLE_TESTABILITY = YES;
				GCC_C_LANGUAGE_STANDARD = gnu99;
				GCC_DYNAMIC_NO_PIC = NO;
				GCC_NO_COMMON_BLOCKS = YES;
				GCC_OPTIMIZATION_LEVEL = 0;
				GCC_PREPROCESSOR_DEFINITIONS = (
					"DEBUG=1",
					"$(inherited)",
				);
				GCC_WARN_64_TO_32_BIT_CONVERSION = YES;
				GCC_WARN_ABOUT_RETURN_TYPE = YES_ERROR;
				GCC_WARN_UNDECLARED_SELECTOR = YES;
				GCC_WARN_UNINITIALIZED_AUTOS = YES_AGGRESSIVE;
				GCC_WARN_UNUSED_FUNCTION = YES;
				GCC_WARN_UNUSED_VARIABLE = YES;
				IPHONEOS_DEPLOYMENT_TARGET = 9.3;
				MTL_ENABLE_DEBUG_INFO = YES;
				ONLY_ACTIVE_ARCH = YES;
				SDKROOT = iphoneos;
				SWIFT_OPTIMIZATION_LEVEL = "-Onone";
				TARGETED_DEVICE_FAMILY = "1,2";
			};
			name = Debug;
		};
		AE9B4BC41DB7080200FD606A /* Release */ = {
			isa = XCBuildConfiguration;
			buildSettings = {
				ALWAYS_SEARCH_USER_PATHS = NO;
				CLANG_ANALYZER_NONNULL = YES;
				CLANG_CXX_LANGUAGE_STANDARD = "gnu++0x";
				CLANG_CXX_LIBRARY = "libc++";
				CLANG_ENABLE_MODULES = YES;
				CLANG_ENABLE_OBJC_ARC = YES;
				CLANG_WARN_BOOL_CONVERSION = YES;
				CLANG_WARN_CONSTANT_CONVERSION = YES;
				CLANG_WARN_DIRECT_OBJC_ISA_USAGE = YES_ERROR;
				CLANG_WARN_EMPTY_BODY = YES;
				CLANG_WARN_ENUM_CONVERSION = YES;
				CLANG_WARN_INT_CONVERSION = YES;
				CLANG_WARN_OBJC_ROOT_CLASS = YES_ERROR;
				CLANG_WARN_UNREACHABLE_CODE = YES;
				CLANG_WARN__DUPLICATE_METHOD_MATCH = YES;
				"CODE_SIGN_IDENTITY[sdk=iphoneos*]" = "iPhone Developer";
				COPY_PHASE_STRIP = NO;
				DEBUG_INFORMATION_FORMAT = "dwarf-with-dsym";
				ENABLE_NS_ASSERTIONS = NO;
				ENABLE_STRICT_OBJC_MSGSEND = YES;
				GCC_C_LANGUAGE_STANDARD = gnu99;
				GCC_NO_COMMON_BLOCKS = YES;
				GCC_WARN_64_TO_32_BIT_CONVERSION = YES;
				GCC_WARN_ABOUT_RETURN_TYPE = YES_ERROR;
				GCC_WARN_UNDECLARED_SELECTOR = YES;
				GCC_WARN_UNINITIALIZED_AUTOS = YES_AGGRESSIVE;
				GCC_WARN_UNUSED_FUNCTION = YES;
				GCC_WARN_UNUSED_VARIABLE = YES;
				IPHONEOS_DEPLOYMENT_TARGET = 9.3;
				MTL_ENABLE_DEBUG_INFO = NO;
				SDKROOT = iphoneos;
				TARGETED_DEVICE_FAMILY = "1,2";
				VALIDATE_PRODUCT = YES;
			};
			name = Release;
		};
		AE9B4BC61DB7080200FD606A /* Debug */ = {
			isa = XCBuildConfiguration;
			buildSettings = {
				ASSETCATALOG_COMPILER_APPICON_NAME = AppIcon;
				INFOPLIST_FILE = FoodTracker/Info.plist;
				LD_RUNPATH_SEARCH_PATHS = "$(inherited) @executable_path/Frameworks";
				PRODUCT_BUNDLE_IDENTIFIER = com.examplecom.example.FoodTracker;
				PRODUCT_NAME = "$(TARGET_NAME)";
			};
			name = Debug;
		};
		AE9B4BC71DB7080200FD606A /* Release */ = {
			isa = XCBuildConfiguration;
			buildSettings = {
				ASSETCATALOG_COMPILER_APPICON_NAME = AppIcon;
				INFOPLIST_FILE = FoodTracker/Info.plist;
				LD_RUNPATH_SEARCH_PATHS = "$(inherited) @executable_path/Frameworks";
				PRODUCT_BUNDLE_IDENTIFIER = com.examplecom.example.FoodTracker;
				PRODUCT_NAME = "$(TARGET_NAME)";
			};
			name = Release;
		};
		AE9B4BC91DB7080200FD606A /* Debug */ = {
			isa = XCBuildConfiguration;
			buildSettings = {
				BUNDLE_LOADER = "$(TEST_HOST)";
				INFOPLIST_FILE = FoodTrackerTests/Info.plist;
				LD_RUNPATH_SEARCH_PATHS = "$(inherited) @executable_path/Frameworks @loader_path/Frameworks";
				PRODUCT_BUNDLE_IDENTIFIER = com.examplecom.example.FoodTrackerTests;
				PRODUCT_NAME = "$(TARGET_NAME)";
				TEST_HOST = "$(BUILT_PRODUCTS_DIR)/FoodTracker.app/FoodTracker";
			};
			name = Debug;
		};
		AE9B4BCA1DB7080200FD606A /* Release */ = {
			isa = XCBuildConfiguration;
			buildSettings = {
				BUNDLE_LOADER = "$(TEST_HOST)";
				INFOPLIST_FILE = FoodTrackerTests/Info.plist;
				LD_RUNPATH_SEARCH_PATHS = "$(inherited) @executable_path/Frameworks @loader_path/Frameworks";
				PRODUCT_BUNDLE_IDENTIFIER = com.examplecom.example.FoodTrackerTests;
				PRODUCT_NAME = "$(TARGET_NAME)";
				TEST_HOST = "$(BUILT_PRODUCTS_DIR)/FoodTracker.app/FoodTracker";
			};
			name = Release;
		};
/* End XCBuildConfiguration section */

/* Begin XCConfigurationList section */
		AE9B4BA31DB7080200FD606A /* Build configuration list for PBXProject "FoodTracker" */ = {
			isa = XCConfigurationList;
			buildConfigurations = (
				AE9B4BC31DB7080200FD606A /* Debug */,
				AE9B4BC41DB7080200FD606A /* Release */,
			);
			defaultConfigurationIsVisible = 0;
			defaultConfigurationName = Release;
		};
		AE9B4BC51DB7080200FD606A /* Build configuration list for PBXNativeTarget "FoodTracker" */ = {
			isa = XCConfigurationList;
			buildConfigurations = (
				AE9B4BC61DB7080200FD606A /* Debug */,
				AE9B4BC71DB7080200FD606A /* Release */,
			);
			defaultConfigurationIsVisible = 0;
		};
		AE9B4BC81DB7080200FD606A /* Build configuration list for PBXNativeTarget "FoodTrackerTests" */ = {
			isa = XCConfigurationList;
			buildConfigurations = (
				AE9B4BC91DB7080200FD606A /* Debug */,
				AE9B4BCA1DB7080200FD606A /* Release */,
			);
			defaultConfigurationIsVisible = 0;
		};
/* End XCConfigurationList section */
	};
	rootObject = AE9B4BA01DB7080200FD606A /* Project object */;
}
